
Microsoft Visual Studio Solution File, Format Version 12.00
# Visual Studio Version 17
VisualStudioVersion = 17.10.35122.118
MinimumVisualStudioVersion = 10.0.40219.1
Project("{8BC9CEB8-8B4A-11D0-8D11-00A0C91BC942}") = "PG3_2024B", "PG3_2024B.vcxproj", "{51A9A8D4-2284-4510-91AD-A8BB3BA8EAAE}"
EndProject
Project("{2150E333-8FDC-42A3-9474-1A3956D46DE8}") = "ソリューション項目", "ソリューション項目", "{46ACA5B9-0651-4563-982B-160D4B40B7B1}"
	ProjectSection(SolutionItems) = preProject
		.editorconfig = .editorconfig
	EndProjectSection
EndProject
Global
	GlobalSection(SolutionConfigurationPlatforms) = preSolution
		Debug|x64 = Debug|x64
		Debug|x86 = Debug|x86
		Release|x64 = Release|x64
		Release|x86 = Release|x86
	EndGlobalSection
	GlobalSection(ProjectConfigurationPlatforms) = postSolution
		{51A9A8D4-2284-4510-91AD-A8BB3BA8EAAE}.Debug|x64.ActiveCfg = Debug|x64
		{51A9A8D4-2284-4510-91AD-A8BB3BA8EAAE}.Debug|x64.Build.0 = Debug|x64
		{51A9A8D4-2284-4510-91AD-A8BB3BA8EAAE}.Debug|x86.ActiveCfg = Debug|Win32
		{51A9A8D4-2284-4510-91AD-A8BB3BA8EAAE}.Debug|x86.Build.0 = Debug|Win32
		{51A9A8D4-2284-4510-91AD-A8BB3BA8EAAE}.Release|x64.ActiveCfg = Release|x64
		{51A9A8D4-2284-4510-91AD-A8BB3BA8EAAE}.Release|x64.Build.0 = Release|x64
		{51A9A8D4-2284-4510-91AD-A8BB3BA8EAAE}.Release|x86.ActiveCfg = Release|Win32
		{51A9A8D4-2284-4510-91AD-A8BB3BA8EAAE}.Release|x86.Build.0 = Release|Win32
	EndGlobalSection
	GlobalSection(SolutionProperties) = preSolution
		HideSolutionNode = FALSE
	EndGlobalSection
	GlobalSection(ExtensibilityGlobals) = postSolution
		SolutionGuid = {54AC086F-F91D-4A0D-BC94-09B3D413D98E}
	EndGlobalSection
EndGlobal
